
Microsoft Visual Studio Solution File, Format Version 12.00
# Visual Studio Version 17
VisualStudioVersion = 17.9.34714.143
MinimumVisualStudioVersion = 10.0.40219.1
Project("{2150E333-8FDC-42A3-9474-1A3956D46DE8}") = "Services", "Services", "{005345BA-842C-4DF7-8F8F-AF990A63000B}"
EndProject
Project("{2150E333-8FDC-42A3-9474-1A3956D46DE8}") = "Catalog", "Catalog", "{9350961E-CAF3-400E-A050-137135FA48EF}"
EndProject
Project("{9A19103F-16F7-4668-BE54-9A1E7A4F7556}") = "ECommerce.Catalog", "Services\Catalog\ECommerce.Catalog\ECommerce.Catalog.csproj", "{34D48C68-6256-4339-8667-177FA98A827D}"
EndProject
Project("{2150E333-8FDC-42A3-9474-1A3956D46DE8}") = "Discount", "Discount", "{3AEDA610-3003-43C3-833A-2854B8E50DE7}"
EndProject
Project("{9A19103F-16F7-4668-BE54-9A1E7A4F7556}") = "ECommerce.Discount", "Services\Discount\ECommerce.Discount\ECommerce.Discount.csproj", "{B2515E5F-2678-4DFF-86A0-0FD9B2442F9B}"
EndProject
Project("{2150E333-8FDC-42A3-9474-1A3956D46DE8}") = "Order", "Order", "{343799E3-7F22-4F84-A9E8-E4B03EE55E6C}"
EndProject
Project("{2150E333-8FDC-42A3-9474-1A3956D46DE8}") = "Core", "Core", "{64E417D3-51C7-4969-B607-C923B67101F9}"
EndProject
Project("{2150E333-8FDC-42A3-9474-1A3956D46DE8}") = "Infrastructure", "Infrastructure", "{DFB2688A-9727-4E05-9DB0-CA3E34240927}"
EndProject
Project("{2150E333-8FDC-42A3-9474-1A3956D46DE8}") = "Presentation", "Presentation", "{0047D0AF-8692-477A-AF66-EA1D77FA61CC}"
EndProject
Project("{9A19103F-16F7-4668-BE54-9A1E7A4F7556}") = "ECommerce.Order.Domain", "Services\Order\Core\ECommerce.Order.Domain\ECommerce.Order.Domain.csproj", "{6796C814-5079-45B6-B6BE-4541BD6BD3AC}"
EndProject
Project("{9A19103F-16F7-4668-BE54-9A1E7A4F7556}") = "ECommerce.Order.Application", "Services\Order\Core\ECommerce.Order.Application\ECommerce.Order.Application.csproj", "{780371BB-8A4A-4440-8DFA-DA81CE4418BC}"
EndProject
Project("{9A19103F-16F7-4668-BE54-9A1E7A4F7556}") = "ECommerce.Order.Persistence", "Services\Order\Infrastructure\ECommerce.Order.Persistence\ECommerce.Order.Persistence.csproj", "{800A7192-6689-4378-9406-5A9CF809EF8C}"
EndProject
Project("{9A19103F-16F7-4668-BE54-9A1E7A4F7556}") = "ECommerce.Order.WebApi", "Services\Order\Presentation\ECommerce.Order.WebApi\ECommerce.Order.WebApi.csproj", "{F1B08F30-6277-4307-B02B-96958FF47938}"
EndProject
Project("{2150E333-8FDC-42A3-9474-1A3956D46DE8}") = "IdentityServer", "IdentityServer", "{BE5A72A2-6973-4795-AA73-34D901609BE2}"
EndProject
Project("{9A19103F-16F7-4668-BE54-9A1E7A4F7556}") = "ECommerce.IdentityServer", "IdentityServer\ECommerce.IdentityServer\ECommerce.IdentityServer.csproj", "{9100963F-A7CE-449F-A632-BE023594EFD3}"
EndProject
Project("{2150E333-8FDC-42A3-9474-1A3956D46DE8}") = "Requirements", "Requirements", "{F04A30C9-D748-4AF9-B88C-3A3AE444D494}"
	ProjectSection(SolutionItems) = preProject
		IdentityServerVersionErrorSolution.txt = IdentityServerVersionErrorSolution.txt
		PortainerCmd.txt = PortainerCmd.txt
		PortNumbers.txt = PortNumbers.txt
	EndProjectSection
EndProject
Project("{2150E333-8FDC-42A3-9474-1A3956D46DE8}") = "Cargo", "Cargo", "{252B3C92-F355-48C1-A1AA-365435351AC2}"
EndProject
Project("{9A19103F-16F7-4668-BE54-9A1E7A4F7556}") = "ECommerce.Cargo.EntityLayer", "Services\Cargo\ECommerce.Cargo.EntityLayer\ECommerce.Cargo.EntityLayer.csproj", "{8520A537-20BE-4FAA-8B9F-1074FE6397BC}"
EndProject
Project("{9A19103F-16F7-4668-BE54-9A1E7A4F7556}") = "ECommerce.Cargo.BusinessLayer", "Services\Cargo\ECommerce.Cargo.BusinessLayer\ECommerce.Cargo.BusinessLayer.csproj", "{E8E6256F-B6C4-4CFB-A4EA-00F8F9551B1F}"
EndProject
Project("{9A19103F-16F7-4668-BE54-9A1E7A4F7556}") = "ECommerce.Cargo.DataAccessLayer", "Services\Cargo\ECommerce.Cargo.DataAccessLayer\ECommerce.Cargo.DataAccessLayer.csproj", "{0ADB3C39-AE00-4ADF-B63A-EE23263B8819}"
EndProject
Project("{9A19103F-16F7-4668-BE54-9A1E7A4F7556}") = "ECommerce.Cargo.DtoLayer", "Services\Cargo\ECommerce.Cargo.DtoLayer\ECommerce.Cargo.DtoLayer.csproj", "{3AF18BEF-49CD-4C82-8A18-EAEC519256F4}"
EndProject
Project("{9A19103F-16F7-4668-BE54-9A1E7A4F7556}") = "ECommerce.Cargo.WebApi", "Services\Cargo\ECommerce.Cargo.WebApi\ECommerce.Cargo.WebApi.csproj", "{7E6FBC4F-B759-4626-8752-0AA4940D49E4}"
EndProject
Project("{2150E333-8FDC-42A3-9474-1A3956D46DE8}") = "Basket", "Basket", "{9DA0E3ED-27E6-4CA0-8A28-22386E2DAE2A}"
EndProject
Project("{FAE04EC0-301F-11D3-BF4B-00C04F79EFBC}") = "ECommerce.Basket", "Services\Basket\ECommerce.Basket\ECommerce.Basket.csproj", "{924AAA8A-136C-4919-ACA0-FC14E8528922}"
EndProject
Project("{2150E333-8FDC-42A3-9474-1A3956D46DE8}") = "Frontends", "Frontends", "{B5BE39EC-8A88-4102-9401-3B7E17D5BE67}"
EndProject
Project("{FAE04EC0-301F-11D3-BF4B-00C04F79EFBC}") = "ECommerce.WebUI", "Frontends\ECommerce.WebUI\ECommerce.WebUI.csproj", "{E6A87E7D-4FBB-4EEF-A1E4-E1FFB4B072EB}"
EndProject
Global
	GlobalSection(SolutionConfigurationPlatforms) = preSolution
		Debug|Any CPU = Debug|Any CPU
		Release|Any CPU = Release|Any CPU
	EndGlobalSection
	GlobalSection(ProjectConfigurationPlatforms) = postSolution
		{34D48C68-6256-4339-8667-177FA98A827D}.Debug|Any CPU.ActiveCfg = Debug|Any CPU
		{34D48C68-6256-4339-8667-177FA98A827D}.Debug|Any CPU.Build.0 = Debug|Any CPU
		{34D48C68-6256-4339-8667-177FA98A827D}.Release|Any CPU.ActiveCfg = Release|Any CPU
		{34D48C68-6256-4339-8667-177FA98A827D}.Release|Any CPU.Build.0 = Release|Any CPU
		{B2515E5F-2678-4DFF-86A0-0FD9B2442F9B}.Debug|Any CPU.ActiveCfg = Debug|Any CPU
		{B2515E5F-2678-4DFF-86A0-0FD9B2442F9B}.Debug|Any CPU.Build.0 = Debug|Any CPU
		{B2515E5F-2678-4DFF-86A0-0FD9B2442F9B}.Release|Any CPU.ActiveCfg = Release|Any CPU
		{B2515E5F-2678-4DFF-86A0-0FD9B2442F9B}.Release|Any CPU.Build.0 = Release|Any CPU
		{6796C814-5079-45B6-B6BE-4541BD6BD3AC}.Debug|Any CPU.ActiveCfg = Debug|Any CPU
		{6796C814-5079-45B6-B6BE-4541BD6BD3AC}.Debug|Any CPU.Build.0 = Debug|Any CPU
		{6796C814-5079-45B6-B6BE-4541BD6BD3AC}.Release|Any CPU.ActiveCfg = Release|Any CPU
		{6796C814-5079-45B6-B6BE-4541BD6BD3AC}.Release|Any CPU.Build.0 = Release|Any CPU
		{780371BB-8A4A-4440-8DFA-DA81CE4418BC}.Debug|Any CPU.ActiveCfg = Debug|Any CPU
		{780371BB-8A4A-4440-8DFA-DA81CE4418BC}.Debug|Any CPU.Build.0 = Debug|Any CPU
		{780371BB-8A4A-4440-8DFA-DA81CE4418BC}.Release|Any CPU.ActiveCfg = Release|Any CPU
		{780371BB-8A4A-4440-8DFA-DA81CE4418BC}.Release|Any CPU.Build.0 = Release|Any CPU
		{800A7192-6689-4378-9406-5A9CF809EF8C}.Debug|Any CPU.ActiveCfg = Debug|Any CPU
		{800A7192-6689-4378-9406-5A9CF809EF8C}.Debug|Any CPU.Build.0 = Debug|Any CPU
		{800A7192-6689-4378-9406-5A9CF809EF8C}.Release|Any CPU.ActiveCfg = Release|Any CPU
		{800A7192-6689-4378-9406-5A9CF809EF8C}.Release|Any CPU.Build.0 = Release|Any CPU
		{F1B08F30-6277-4307-B02B-96958FF47938}.Debug|Any CPU.ActiveCfg = Debug|Any CPU
		{F1B08F30-6277-4307-B02B-96958FF47938}.Debug|Any CPU.Build.0 = Debug|Any CPU
		{F1B08F30-6277-4307-B02B-96958FF47938}.Release|Any CPU.ActiveCfg = Release|Any CPU
		{F1B08F30-6277-4307-B02B-96958FF47938}.Release|Any CPU.Build.0 = Release|Any CPU
		{9100963F-A7CE-449F-A632-BE023594EFD3}.Debug|Any CPU.ActiveCfg = Debug|Any CPU
		{9100963F-A7CE-449F-A632-BE023594EFD3}.Debug|Any CPU.Build.0 = Debug|Any CPU
		{9100963F-A7CE-449F-A632-BE023594EFD3}.Release|Any CPU.ActiveCfg = Release|Any CPU
		{9100963F-A7CE-449F-A632-BE023594EFD3}.Release|Any CPU.Build.0 = Release|Any CPU
		{8520A537-20BE-4FAA-8B9F-1074FE6397BC}.Debug|Any CPU.ActiveCfg = Debug|Any CPU
		{8520A537-20BE-4FAA-8B9F-1074FE6397BC}.Debug|Any CPU.Build.0 = Debug|Any CPU
		{8520A537-20BE-4FAA-8B9F-1074FE6397BC}.Release|Any CPU.ActiveCfg = Release|Any CPU
		{8520A537-20BE-4FAA-8B9F-1074FE6397BC}.Release|Any CPU.Build.0 = Release|Any CPU
		{E8E6256F-B6C4-4CFB-A4EA-00F8F9551B1F}.Debug|Any CPU.ActiveCfg = Debug|Any CPU
		{E8E6256F-B6C4-4CFB-A4EA-00F8F9551B1F}.Debug|Any CPU.Build.0 = Debug|Any CPU
		{E8E6256F-B6C4-4CFB-A4EA-00F8F9551B1F}.Release|Any CPU.ActiveCfg = Release|Any CPU
		{E8E6256F-B6C4-4CFB-A4EA-00F8F9551B1F}.Release|Any CPU.Build.0 = Release|Any CPU
		{0ADB3C39-AE00-4ADF-B63A-EE23263B8819}.Debug|Any CPU.ActiveCfg = Debug|Any CPU
		{0ADB3C39-AE00-4ADF-B63A-EE23263B8819}.Debug|Any CPU.Build.0 = Debug|Any CPU
		{0ADB3C39-AE00-4ADF-B63A-EE23263B8819}.Release|Any CPU.ActiveCfg = Release|Any CPU
		{0ADB3C39-AE00-4ADF-B63A-EE23263B8819}.Release|Any CPU.Build.0 = Release|Any CPU
		{3AF18BEF-49CD-4C82-8A18-EAEC519256F4}.Debug|Any CPU.ActiveCfg = Debug|Any CPU
		{3AF18BEF-49CD-4C82-8A18-EAEC519256F4}.Debug|Any CPU.Build.0 = Debug|Any CPU
		{3AF18BEF-49CD-4C82-8A18-EAEC519256F4}.Release|Any CPU.ActiveCfg = Release|Any CPU
		{3AF18BEF-49CD-4C82-8A18-EAEC519256F4}.Release|Any CPU.Build.0 = Release|Any CPU
		{7E6FBC4F-B759-4626-8752-0AA4940D49E4}.Debug|Any CPU.ActiveCfg = Debug|Any CPU
		{7E6FBC4F-B759-4626-8752-0AA4940D49E4}.Debug|Any CPU.Build.0 = Debug|Any CPU
		{7E6FBC4F-B759-4626-8752-0AA4940D49E4}.Release|Any CPU.ActiveCfg = Release|Any CPU
		{7E6FBC4F-B759-4626-8752-0AA4940D49E4}.Release|Any CPU.Build.0 = Release|Any CPU
		{924AAA8A-136C-4919-ACA0-FC14E8528922}.Debug|Any CPU.ActiveCfg = Debug|Any CPU
		{924AAA8A-136C-4919-ACA0-FC14E8528922}.Debug|Any CPU.Build.0 = Debug|Any CPU
		{924AAA8A-136C-4919-ACA0-FC14E8528922}.Release|Any CPU.ActiveCfg = Release|Any CPU
		{924AAA8A-136C-4919-ACA0-FC14E8528922}.Release|Any CPU.Build.0 = Release|Any CPU
		{E6A87E7D-4FBB-4EEF-A1E4-E1FFB4B072EB}.Debug|Any CPU.ActiveCfg = Debug|Any CPU
		{E6A87E7D-4FBB-4EEF-A1E4-E1FFB4B072EB}.Debug|Any CPU.Build.0 = Debug|Any CPU
		{E6A87E7D-4FBB-4EEF-A1E4-E1FFB4B072EB}.Release|Any CPU.ActiveCfg = Release|Any CPU
		{E6A87E7D-4FBB-4EEF-A1E4-E1FFB4B072EB}.Release|Any CPU.Build.0 = Release|Any CPU
	EndGlobalSection
	GlobalSection(SolutionProperties) = preSolution
		HideSolutionNode = FALSE
	EndGlobalSection
	GlobalSection(NestedProjects) = preSolution
		{9350961E-CAF3-400E-A050-137135FA48EF} = {005345BA-842C-4DF7-8F8F-AF990A63000B}
		{34D48C68-6256-4339-8667-177FA98A827D} = {9350961E-CAF3-400E-A050-137135FA48EF}
		{3AEDA610-3003-43C3-833A-2854B8E50DE7} = {005345BA-842C-4DF7-8F8F-AF990A63000B}
		{B2515E5F-2678-4DFF-86A0-0FD9B2442F9B} = {3AEDA610-3003-43C3-833A-2854B8E50DE7}
		{343799E3-7F22-4F84-A9E8-E4B03EE55E6C} = {005345BA-842C-4DF7-8F8F-AF990A63000B}
		{64E417D3-51C7-4969-B607-C923B67101F9} = {343799E3-7F22-4F84-A9E8-E4B03EE55E6C}
		{DFB2688A-9727-4E05-9DB0-CA3E34240927} = {343799E3-7F22-4F84-A9E8-E4B03EE55E6C}
		{0047D0AF-8692-477A-AF66-EA1D77FA61CC} = {343799E3-7F22-4F84-A9E8-E4B03EE55E6C}
		{6796C814-5079-45B6-B6BE-4541BD6BD3AC} = {64E417D3-51C7-4969-B607-C923B67101F9}
		{780371BB-8A4A-4440-8DFA-DA81CE4418BC} = {64E417D3-51C7-4969-B607-C923B67101F9}
		{800A7192-6689-4378-9406-5A9CF809EF8C} = {DFB2688A-9727-4E05-9DB0-CA3E34240927}
		{F1B08F30-6277-4307-B02B-96958FF47938} = {0047D0AF-8692-477A-AF66-EA1D77FA61CC}
		{9100963F-A7CE-449F-A632-BE023594EFD3} = {BE5A72A2-6973-4795-AA73-34D901609BE2}
		{252B3C92-F355-48C1-A1AA-365435351AC2} = {005345BA-842C-4DF7-8F8F-AF990A63000B}
		{8520A537-20BE-4FAA-8B9F-1074FE6397BC} = {252B3C92-F355-48C1-A1AA-365435351AC2}
		{E8E6256F-B6C4-4CFB-A4EA-00F8F9551B1F} = {252B3C92-F355-48C1-A1AA-365435351AC2}
		{0ADB3C39-AE00-4ADF-B63A-EE23263B8819} = {252B3C92-F355-48C1-A1AA-365435351AC2}
		{3AF18BEF-49CD-4C82-8A18-EAEC519256F4} = {252B3C92-F355-48C1-A1AA-365435351AC2}
		{7E6FBC4F-B759-4626-8752-0AA4940D49E4} = {252B3C92-F355-48C1-A1AA-365435351AC2}
		{9DA0E3ED-27E6-4CA0-8A28-22386E2DAE2A} = {005345BA-842C-4DF7-8F8F-AF990A63000B}
		{924AAA8A-136C-4919-ACA0-FC14E8528922} = {9DA0E3ED-27E6-4CA0-8A28-22386E2DAE2A}
		{E6A87E7D-4FBB-4EEF-A1E4-E1FFB4B072EB} = {B5BE39EC-8A88-4102-9401-3B7E17D5BE67}
	EndGlobalSection
	GlobalSection(ExtensibilityGlobals) = postSolution
		SolutionGuid = {EADAD1F2-57FD-42E9-903B-FC401C4D4A33}
	EndGlobalSection
EndGlobal
